# This file is autogenerated, do not edit; changes may be undone by the next 'dep ensure'.


[[projects]]
  name = "github.com/veandco/go-sdl2"
  packages = [
    "sdl",
    "sdl_image",
    "sdl_ttf"
  ]
  revision = "fa5f69af0ee694152743b568cb66239a5cfda821"
  version = "v0.1"

[solve-meta]
  analyzer-name = "dep"
  analyzer-version = 1
  inputs-digest = "91d51fcebe6bc117a20c7aaeade4e75aa366813099aa986029389357a05cce39"
  solver-name = "gps-cdcl"
  solver-version = 1
